{
  "nodes": {
    "dbmigrations": {
      "inputs": {
        "flake-utils": "flake-utils",
        "nixpkgs": "nixpkgs"
      },
      "locked": {
        "lastModified": 1669598473,
        "narHash": "sha256-RjGOGeGeSdBpHNe+Imn+McGUktQdMjf/Vo0y3HOxSH4=",
        "owner": "nuttycom",
        "repo": "dbmigrations",
        "rev": "74ef9388b45ae73a1d9c737d9644e076fe832672",
        "type": "github"
      },
      "original": {
        "owner": "nuttycom",
        "repo": "dbmigrations",
        "rev": "74ef9388b45ae73a1d9c737d9644e076fe832672",
        "type": "github"
      }
    },
    "flake-utils": {
      "locked": {
        "lastModified": 1667395993,
        "narHash": "sha256-nuEHfE/LcWyuSWnS8t12N1wc105Qtau+/OdUAjtQ0rA=",
        "owner": "numtide",
        "repo": "flake-utils",
        "rev": "5aed5285a952e0b949eb3ba02c12fa4fcfef535f",
        "type": "github"
      },
      "original": {
        "owner": "numtide",
        "repo": "flake-utils",
        "type": "github"
      }
    },
    "flake-utils_2": {
      "locked": {
        "lastModified": 1667395993,
        "narHash": "sha256-nuEHfE/LcWyuSWnS8t12N1wc105Qtau+/OdUAjtQ0rA=",
        "owner": "numtide",
        "repo": "flake-utils",
        "rev": "5aed5285a952e0b949eb3ba02c12fa4fcfef535f",
        "type": "github"
      },
      "original": {
        "owner": "numtide",
        "repo": "flake-utils",
        "type": "github"
      }
    },
    "nixpkgs": {
      "locked": {
        "lastModified": 1669597314,
        "narHash": "sha256-pkCnOnMJfsq4LJhCBbF0DAlWqLkKtC0hNcnwAvS5DtA=",
        "owner": "NixOS",
        "repo": "nixpkgs",
        "rev": "ed6f61e5c0512c669724cc4b880277f34097130f",
        "type": "github"
      },
      "original": {
        "owner": "NixOS",
        "repo": "nixpkgs",
        "type": "github"
      }
    },
    "nixpkgs_2": {
      "locked": {
        "lastModified": 1669512820,
        "narHash": "sha256-FGyAyWRzk3xTm1VstaDkFiMzvN7sbHRdm5YPZ0xUvk4=",
        "owner": "NixOS",
        "repo": "nixpkgs",
        "rev": "390e82438a31a347f7b5966380cb40243fe6531b",
        "type": "github"
      },
      "original": {
        "owner": "NixOS",
        "repo": "nixpkgs",
        "type": "github"
      }
    },
    "root": {
      "inputs": {
        "dbmigrations": "dbmigrations",
        "flake-utils": "flake-utils_2",
        "nixpkgs": "nixpkgs_2"
      }
    }
  },
  "root": "root",
  "version": 7
}
